{
    "_meta": {
        "hash": {
            "sha256": "2b799f802c2434ba405bbfbb2f4101742ff05f59947e59f97cb3b9b766028cc2"
        },
        "pipfile-spec": 6,
        "requires": {
            "python_version": "3.7"
        },
        "sources": [
            {
                "name": "pypi",
                "url": "https://pypi.org/simple",
                "verify_ssl": true
            }
        ]
    },
    "default": {
        "six": {
            "hashes": [
                "sha256:236bdbdce46e6e6a3d61a337c0f8b763ca1e8717c03b369e87a7ec7ce1319c0a",
                "sha256:8f3cd2e254d8f793e7f3d6d9df77b92252b52637291d0f0da013c76ea2724b6c"
            ],
            "version": "==1.14.0"
        },
        "translate-toolkit": {
            "editable": true,
            "git": "https://github.com/ysc3839/translate.git",
            "ref": "3070162bb995264f07acaf479672c229336682ca"
        }
    },
    "develop": {}
}
